{
  "version": 4,
  "terraform_version": "1.5.6",
  "serial": 10,
  "lineage": "a44837f3-6879-d001-6a0c-07c08a2fc27a",
  "outputs": {},
  "resources": [
    {
      "module": "module.eks_auth_mode",
      "mode": "managed",
      "type": "null_resource",
      "name": "update_authentication_mode",
      "provider": "provider[\"registry.terraform.io/hashicorp/null\"]",
      "instances": [
        {
          "schema_version": 0,
          "attributes": {
            "id": "4417819497996024067",
            "triggers": {
              "always_run": "2025-01-25T06:20:54Z"
            }
          },
          "sensitive_attributes": [],
          "dependencies": [
            "module.eks_cluster.aws_eks_cluster.pulp_k8s"
          ]
        }
      ]
    },
    {
      "module": "module.eks_cluster",
      "mode": "managed",
      "type": "aws_eks_cluster",
      "name": "pulp_k8s",
      "provider": "provider[\"registry.terraform.io/hashicorp/aws\"]",
      "instances": [
        {
          "schema_version": 1,
          "attributes": {
            "access_config": [
              {
                "authentication_mode": "CONFIG_MAP",
                "bootstrap_cluster_creator_admin_permissions": true
              }
            ],
            "arn": "arn:aws:eks:ap-south-1:205930613551:cluster/Pulp-K8s-Terraform",
            "bootstrap_self_managed_addons": true,
            "certificate_authority": [
              {
                "data": "LS0tLS1CRUdJTiBDRVJUSUZJQ0FURS0tLS0tCk1JSURCVENDQWUyZ0F3SUJBZ0lJSlVnME1tKzZmVE13RFFZSktvWklodmNOQVFFTEJRQXdGVEVUTUJFR0ExVUUKQXhNS2EzVmlaWEp1WlhSbGN6QWVGdzB5TlRBeE1qVXdOakV4TWpsYUZ3MHpOVEF4TWpNd05qRTJNamxhTUJVeApFekFSQmdOVkJBTVRDbXQxWW1WeWJtVjBaWE13Z2dFaU1BMEdDU3FHU0liM0RRRUJBUVVBQTRJQkR3QXdnZ0VLCkFvSUJBUURsY3pwSXY5eGx2QlhuSFphM3J6Nk9tUmJlN0plZWpKTUpUU29IVzgwb0c4cWJpT25qSGFGVVZOT3QKQ3RPMWZldE5PcFJid1RzTHhHVmlpY0Y1bmJmWjF1SmkyY09pU3ZVdW5WMWRZRkticTBDbWRkdGd5MzNCZDRvZQorSW1NVW8rRFNxN2g3cFdyQXFpTUl6VE83bkdxZ0pDekkvN2dlVys2OUVVMUtQRnlYcGxPWEk5cVZ5RmNTeWxtClk3SlJldjl5Mm0ybEw0ZnpSVWRkZnlWRTJac1ZFcC8vWkpaYmQ0WGFZeUszdjBuNit2T3U1UHllelE0TmtGVnoKbWJtcktKWDlvL2p2K0N3NHQyTjBTZnRsOUk2UnhOZEVYV25aU2VSSWEzbTZ1SkFVSFR6OW5UUXlkM3dUZWJ2cQp6WU5lTnBlbGRnaHY1b2l1Q0N6eHBod3BqVWVwQWdNQkFBR2pXVEJYTUE0R0ExVWREd0VCL3dRRUF3SUNwREFQCkJnTlZIUk1CQWY4RUJUQURBUUgvTUIwR0ExVWREZ1FXQkJSaEFwWTF1NkZpRWt4SG1aWVNKNmN6amEwaXFUQVYKQmdOVkhSRUVEakFNZ2dwcmRXSmxjbTVsZEdWek1BMEdDU3FHU0liM0RRRUJDd1VBQTRJQkFRQmV6UG5TdUgycwpmd0VtLzl2aXpMTCtDdGZ6c2V1ZUpPZWUzejVEWW1rTCtiNEE0cWtqREN5ckJSSWhqakNoT3lhcGNXbDJGVURvCktWYWIvVlBWc1ZxN0tZdlRRcTJKbUZrY1p3ZjRFOEZTWTVjL2RSeitIVE1VTWRwZFBHS2QxUnBHRW1oZ1I2OFMKTUFvU0tjSnJseFJSeWRXZzJTdnNFeHhoa1A2QTRGT0NxTTZVM2IvdDhadXl2UDIwM21QWjVYTTBGQ0prTFJtcApDajM5Snc2cjQ1ZVpXTmg1L0J1ZU9KVHpnNU5vemwrL3loaE54WXRnMlQ4NWF4UnFvMXVqcXkxdUx6NkIwMFFMCm1jRjF0SlZJNXlyaHBPYktIKzNXSFRwckQyY3pXMnM4Wkc5eURtVnhnVm9KcnNFWUp6N1lOeStZYWcvZlhvSGUKU3lCQXp6aW9Ba0s3Ci0tLS0tRU5EIENFUlRJRklDQVRFLS0tLS0K"
              }
            ],
            "cluster_id": null,
            "compute_config": [],
            "created_at": "2025-01-25T06:12:19Z",
            "enabled_cluster_log_types": null,
            "encryption_config": [],
            "endpoint": "https://9F60D3D9EBE9FACB9EDE889240742D96.gr7.ap-south-1.eks.amazonaws.com",
            "id": "Pulp-K8s-Terraform",
            "identity": [
              {
                "oidc": [
                  {
                    "issuer": "https://oidc.eks.ap-south-1.amazonaws.com/id/9F60D3D9EBE9FACB9EDE889240742D96"
                  }
                ]
              }
            ],
            "kubernetes_network_config": [
              {
                "elastic_load_balancing": [
                  {
                    "enabled": false
                  }
                ],
                "ip_family": "ipv4",
                "service_ipv4_cidr": "10.100.0.0/16",
                "service_ipv6_cidr": ""
              }
            ],
            "name": "Pulp-K8s-Terraform",
            "outpost_config": [],
            "platform_version": "eks.17",
            "remote_network_config": [],
            "role_arn": "arn:aws:iam::205930613551:role/k8s-cluster",
            "status": "ACTIVE",
            "storage_config": [],
            "tags": null,
            "tags_all": {},
            "timeouts": null,
            "upgrade_policy": [
              {
                "support_type": "STANDARD"
              }
            ],
            "version": "1.31",
            "vpc_config": [
              {
                "cluster_security_group_id": "sg-043180e9f4c4a9a18",
                "endpoint_private_access": true,
                "endpoint_public_access": true,
                "public_access_cidrs": [
                  "0.0.0.0/0"
                ],
                "security_group_ids": [
                  "sg-00b574ed3c0c0f494"
                ],
                "subnet_ids": [
                  "subnet-0a071b233f3877bb2",
                  "subnet-0b95ce320c97b82e7",
                  "subnet-0f6441c26324477cb"
                ],
                "vpc_id": "vpc-00efaf1737d36a26a"
              }
            ],
            "zonal_shift_config": []
          },
          "sensitive_attributes": [],
          "private": "eyJlMmJmYjczMC1lY2FhLTExZTYtOGY4OC0zNDM2M2JjN2M0YzAiOnsiY3JlYXRlIjoxODAwMDAwMDAwMDAwLCJkZWxldGUiOjkwMDAwMDAwMDAwMCwidXBkYXRlIjozNjAwMDAwMDAwMDAwfSwic2NoZW1hX3ZlcnNpb24iOiIxIn0="
        }
      ]
    },
    {
      "module": "module.eks_node_group",
      "mode": "data",
      "type": "aws_instances",
      "name": "pulp_k8s_instances",
      "provider": "provider[\"registry.terraform.io/hashicorp/aws\"]",
      "instances": [
        {
          "schema_version": 0,
          "attributes": {
            "filter": [
              {
                "name": "instance-state-name",
                "values": [
                  "running"
                ]
              },
              {
                "name": "tag:eks:nodegroup-name",
                "values": [
                  "Pulp-K8s-Node"
                ]
              }
            ],
            "id": "ap-south-1",
            "ids": [
              "i-0da6842d04c9ad135"
            ],
            "instance_state_names": null,
            "instance_tags": null,
            "ipv6_addresses": [],
            "private_ips": [
              "172.31.20.125"
            ],
            "public_ips": [
              "13.235.65.67"
            ],
            "timeouts": null
          },
          "sensitive_attributes": []
        }
      ]
    },
    {
      "module": "module.eks_node_group",
      "mode": "managed",
      "type": "aws_eks_addon",
      "name": "coredns",
      "provider": "provider[\"registry.terraform.io/hashicorp/aws\"]",
      "instances": [
        {
          "schema_version": 0,
          "attributes": {
            "addon_name": "coredns",
            "addon_version": "v1.11.3-eksbuild.1",
            "arn": "arn:aws:eks:ap-south-1:205930613551:addon/Pulp-K8s-Terraform/coredns/d2ca4e11-33a5-b08a-2ffb-71ef8dd7d354",
            "cluster_name": "Pulp-K8s-Terraform",
            "configuration_values": "",
            "created_at": "2025-01-25T06:24:48Z",
            "id": "Pulp-K8s-Terraform:coredns",
            "modified_at": "2025-01-25T06:25:02Z",
            "pod_identity_association": [],
            "preserve": null,
            "resolve_conflicts": null,
            "resolve_conflicts_on_create": null,
            "resolve_conflicts_on_update": null,
            "service_account_role_arn": "",
            "tags": null,
            "tags_all": {},
            "timeouts": null
          },
          "sensitive_attributes": [],
          "private": "eyJlMmJmYjczMC1lY2FhLTExZTYtOGY4OC0zNDM2M2JjN2M0YzAiOnsiY3JlYXRlIjoxMjAwMDAwMDAwMDAwLCJkZWxldGUiOjI0MDAwMDAwMDAwMDAsInVwZGF0ZSI6MTIwMDAwMDAwMDAwMH19",
          "dependencies": [
            "module.eks_auth_mode.null_resource.update_authentication_mode",
            "module.eks_cluster.aws_eks_cluster.pulp_k8s",
            "module.eks_node_group.aws_eks_node_group.pulp_k8s_node_group"
          ]
        }
      ]
    },
    {
      "module": "module.eks_node_group",
      "mode": "managed",
      "type": "aws_eks_addon",
      "name": "ebs_csi_driver",
      "provider": "provider[\"registry.terraform.io/hashicorp/aws\"]",
      "instances": [
        {
          "schema_version": 0,
          "attributes": {
            "addon_name": "aws-ebs-csi-driver",
            "addon_version": "v1.38.1-eksbuild.2",
            "arn": "arn:aws:eks:ap-south-1:205930613551:addon/Pulp-K8s-Terraform/aws-ebs-csi-driver/1eca4e11-3390-2774-829e-2dba12040bc3",
            "cluster_name": "Pulp-K8s-Terraform",
            "configuration_values": "",
            "created_at": "2025-01-25T06:24:48Z",
            "id": "Pulp-K8s-Terraform:aws-ebs-csi-driver",
            "modified_at": "2025-01-25T06:25:39Z",
            "pod_identity_association": [],
            "preserve": null,
            "resolve_conflicts": null,
            "resolve_conflicts_on_create": null,
            "resolve_conflicts_on_update": null,
            "service_account_role_arn": "",
            "tags": null,
            "tags_all": {},
            "timeouts": null
          },
          "sensitive_attributes": [],
          "private": "eyJlMmJmYjczMC1lY2FhLTExZTYtOGY4OC0zNDM2M2JjN2M0YzAiOnsiY3JlYXRlIjoxMjAwMDAwMDAwMDAwLCJkZWxldGUiOjI0MDAwMDAwMDAwMDAsInVwZGF0ZSI6MTIwMDAwMDAwMDAwMH19",
          "dependencies": [
            "module.eks_auth_mode.null_resource.update_authentication_mode",
            "module.eks_cluster.aws_eks_cluster.pulp_k8s",
            "module.eks_node_group.aws_eks_node_group.pulp_k8s_node_group"
          ]
        }
      ]
    },
    {
      "module": "module.eks_node_group",
      "mode": "managed",
      "type": "aws_eks_addon",
      "name": "kube_proxy",
      "provider": "provider[\"registry.terraform.io/hashicorp/aws\"]",
      "instances": [
        {
          "schema_version": 0,
          "attributes": {
            "addon_name": "kube-proxy",
            "addon_version": "v1.31.2-eksbuild.3",
            "arn": "arn:aws:eks:ap-south-1:205930613551:addon/Pulp-K8s-Terraform/kube-proxy/d4ca4e11-338e-a588-6166-d87ae65e481a",
            "cluster_name": "Pulp-K8s-Terraform",
            "configuration_values": "",
            "created_at": "2025-01-25T06:24:48Z",
            "id": "Pulp-K8s-Terraform:kube-proxy",
            "modified_at": "2025-01-25T06:24:55Z",
            "pod_identity_association": [],
            "preserve": null,
            "resolve_conflicts": null,
            "resolve_conflicts_on_create": null,
            "resolve_conflicts_on_update": null,
            "service_account_role_arn": "",
            "tags": null,
            "tags_all": {},
            "timeouts": null
          },
          "sensitive_attributes": [],
          "private": "eyJlMmJmYjczMC1lY2FhLTExZTYtOGY4OC0zNDM2M2JjN2M0YzAiOnsiY3JlYXRlIjoxMjAwMDAwMDAwMDAwLCJkZWxldGUiOjI0MDAwMDAwMDAwMDAsInVwZGF0ZSI6MTIwMDAwMDAwMDAwMH19",
          "dependencies": [
            "module.eks_auth_mode.null_resource.update_authentication_mode",
            "module.eks_cluster.aws_eks_cluster.pulp_k8s",
            "module.eks_node_group.aws_eks_node_group.pulp_k8s_node_group"
          ]
        }
      ]
    },
    {
      "module": "module.eks_node_group",
      "mode": "managed",
      "type": "aws_eks_addon",
      "name": "vpc_cni",
      "provider": "provider[\"registry.terraform.io/hashicorp/aws\"]",
      "instances": [
        {
          "schema_version": 0,
          "attributes": {
            "addon_name": "vpc-cni",
            "addon_version": "v1.19.0-eksbuild.1",
            "arn": "arn:aws:eks:ap-south-1:205930613551:addon/Pulp-K8s-Terraform/vpc-cni/76ca4e11-338a-5309-d553-cc5b80294e73",
            "cluster_name": "Pulp-K8s-Terraform",
            "configuration_values": "",
            "created_at": "2025-01-25T06:24:48Z",
            "id": "Pulp-K8s-Terraform:vpc-cni",
            "modified_at": "2025-01-25T06:25:27Z",
            "pod_identity_association": [],
            "preserve": null,
            "resolve_conflicts": null,
            "resolve_conflicts_on_create": null,
            "resolve_conflicts_on_update": null,
            "service_account_role_arn": "",
            "tags": null,
            "tags_all": {},
            "timeouts": null
          },
          "sensitive_attributes": [],
          "private": "eyJlMmJmYjczMC1lY2FhLTExZTYtOGY4OC0zNDM2M2JjN2M0YzAiOnsiY3JlYXRlIjoxMjAwMDAwMDAwMDAwLCJkZWxldGUiOjI0MDAwMDAwMDAwMDAsInVwZGF0ZSI6MTIwMDAwMDAwMDAwMH19",
          "dependencies": [
            "module.eks_auth_mode.null_resource.update_authentication_mode",
            "module.eks_cluster.aws_eks_cluster.pulp_k8s",
            "module.eks_node_group.aws_eks_node_group.pulp_k8s_node_group"
          ]
        }
      ]
    },
    {
      "module": "module.eks_node_group",
      "mode": "managed",
      "type": "aws_eks_node_group",
      "name": "pulp_k8s_node_group",
      "provider": "provider[\"registry.terraform.io/hashicorp/aws\"]",
      "instances": [
        {
          "schema_version": 0,
          "attributes": {
            "ami_type": "AL2023_x86_64_STANDARD",
            "arn": "arn:aws:eks:ap-south-1:205930613551:nodegroup/Pulp-K8s-Terraform/Pulp-K8s-Node/a0ca4e10-5e33-8900-e51d-7df65b57ca6f",
            "capacity_type": "ON_DEMAND",
            "cluster_name": "Pulp-K8s-Terraform",
            "disk_size": 20,
            "force_update_version": null,
            "id": "Pulp-K8s-Terraform:Pulp-K8s-Node",
            "instance_types": [
              "t3.medium"
            ],
            "labels": null,
            "launch_template": [],
            "node_group_name": "Pulp-K8s-Node",
            "node_group_name_prefix": "",
            "node_repair_config": [],
            "node_role_arn": "arn:aws:iam::205930613551:role/Admin",
            "release_version": "1.31.4-20250116",
            "remote_access": [
              {
                "ec2_ssh_key": "Pulp-K8s-mumbai",
                "source_security_group_ids": [
                  "sg-00b574ed3c0c0f494"
                ]
              }
            ],
            "resources": [
              {
                "autoscaling_groups": [
                  {
                    "name": "eks-Pulp-K8s-Node-a0ca4e10-5e33-8900-e51d-7df65b57ca6f"
                  }
                ],
                "remote_access_security_group_id": "sg-04ae3dba531595933"
              }
            ],
            "scaling_config": [
              {
                "desired_size": 1,
                "max_size": 1,
                "min_size": 1
              }
            ],
            "status": "ACTIVE",
            "subnet_ids": [
              "subnet-0a071b233f3877bb2",
              "subnet-0b95ce320c97b82e7",
              "subnet-0f6441c26324477cb"
            ],
            "tags": null,
            "tags_all": {},
            "taint": [],
            "timeouts": null,
            "update_config": [
              {
                "max_unavailable": 1,
                "max_unavailable_percentage": 0
              }
            ],
            "version": "1.31"
          },
          "sensitive_attributes": [],
          "private": "eyJlMmJmYjczMC1lY2FhLTExZTYtOGY4OC0zNDM2M2JjN2M0YzAiOnsiY3JlYXRlIjozNjAwMDAwMDAwMDAwLCJkZWxldGUiOjM2MDAwMDAwMDAwMDAsInVwZGF0ZSI6MzYwMDAwMDAwMDAwMH19",
          "dependencies": [
            "module.eks_auth_mode.null_resource.update_authentication_mode",
            "module.eks_cluster.aws_eks_cluster.pulp_k8s"
          ]
        }
      ]
    },
    {
      "module": "module.eks_node_group",
      "mode": "managed",
      "type": "null_resource",
      "name": "modify_instance_metadata",
      "provider": "provider[\"registry.terraform.io/hashicorp/null\"]",
      "instances": [
        {
          "schema_version": 0,
          "attributes": {
            "id": "8671832288570584198",
            "triggers": null
          },
          "sensitive_attributes": [],
          "dependencies": [
            "module.eks_auth_mode.null_resource.update_authentication_mode",
            "module.eks_cluster.aws_eks_cluster.pulp_k8s",
            "module.eks_node_group.aws_eks_node_group.pulp_k8s_node_group",
            "module.eks_node_group.data.aws_instances.pulp_k8s_instances"
          ]
        }
      ]
    }
  ],
  "check_results": null
}
