{
  "version": 4,
  "terraform_version": "1.5.6",
  "serial": 10,
  "lineage": "406647ff-f996-df79-a1cf-5f44c20f468e",
  "outputs": {},
  "resources": [
    {
      "module": "module.eks_auth_mode",
      "mode": "managed",
      "type": "null_resource",
      "name": "update_authentication_mode",
      "provider": "provider[\"registry.terraform.io/hashicorp/null\"]",
      "instances": [
        {
          "schema_version": 0,
          "attributes": {
            "id": "4534447328356564501",
            "triggers": {
              "always_run": "2025-02-16T05:02:12Z"
            }
          },
          "sensitive_attributes": [],
          "dependencies": [
            "module.eks_cluster.aws_eks_cluster.pulp_k8s"
          ]
        }
      ]
    },
    {
      "module": "module.eks_cluster",
      "mode": "managed",
      "type": "aws_eks_cluster",
      "name": "pulp_k8s",
      "provider": "provider[\"registry.terraform.io/hashicorp/aws\"]",
      "instances": [
        {
          "schema_version": 1,
          "attributes": {
            "access_config": [
              {
                "authentication_mode": "CONFIG_MAP",
                "bootstrap_cluster_creator_admin_permissions": true
              }
            ],
            "arn": "arn:aws:eks:ap-south-1:205930613551:cluster/Pulp-K8s-Terraform",
            "bootstrap_self_managed_addons": true,
            "certificate_authority": [
              {
                "data": "LS0tLS1CRUdJTiBDRVJUSUZJQ0FURS0tLS0tCk1JSURCVENDQWUyZ0F3SUJBZ0lJYXdRNDA3TWFJZVV3RFFZSktvWklodmNOQVFFTEJRQXdGVEVUTUJFR0ExVUUKQXhNS2EzVmlaWEp1WlhSbGN6QWVGdzB5TlRBeU1UWXdORFV6TURoYUZ3MHpOVEF5TVRRd05EVTRNRGhhTUJVeApFekFSQmdOVkJBTVRDbXQxWW1WeWJtVjBaWE13Z2dFaU1BMEdDU3FHU0liM0RRRUJBUVVBQTRJQkR3QXdnZ0VLCkFvSUJBUUNnemdqd3I5TDNPTTRqMjBnT08wdC95NHhOdHVzT2dxM1RYM0xKRytodStLaU5HSG8rbGFKWjlsWFUKeEFrQWppM2x4OWlJYmFsRDh3UmZldmhxYTBWMHAwY2xPejVmcmtOK1ZENEU1dG5hRjlzSWc1bFhOZUt0Zk85YwpXdnhXZW9hMjRUcEtCYTVvUm9MUVlZa0NTcHlwZE9qbUVtTTRMemJ2T2tpbW1MMHZrUWpHUWxiL044eldnYUZDCjdmL1pKUUFnVTI4UmpzaWhXeWVpTkFtS3oyME9EWE5XeWt0NW1jVC9sMmxkeTVMZU43c0RSVmVUdTJaR3Zzb1oKMHQySWc2bVhOL2hZbGVYQjhnQityT2ZBdnlXZWZneGFEUHpKSGRUdko4V0JaeGtTYUw0UmV2cUZ6Q0JBekdhRQp2MTFwTk1FT3VnTDNZM05hcUNWd2JUSVkvWUtqQWdNQkFBR2pXVEJYTUE0R0ExVWREd0VCL3dRRUF3SUNwREFQCkJnTlZIUk1CQWY4RUJUQURBUUgvTUIwR0ExVWREZ1FXQkJUbkx4ZmhzbE5sQWJUZmxtV3NDb09GNnNzOGJUQVYKQmdOVkhSRUVEakFNZ2dwcmRXSmxjbTVsZEdWek1BMEdDU3FHU0liM0RRRUJDd1VBQTRJQkFRQ0tFNmhuVHY1bwoydDlRYjVTSlIzTWxLcUQwZzdLNTcycFQzNkVZbjl1RmFicTllZnpzbFNEYlpNMUlEM0Y0b0h5MlkwQXRIOUxyCm5pOUZHZnZXdW42RkdtNUgyeUNEVE52N3BSNUZ6Y0lGNDNHK2hiNW01OUZVeFY1MGFIcCt2WGVpc3p3Y2dKZHoKTWdlakpaWUJSUUZSNUIvaWZRY2ttY0xNNlpnWUR4eGp1Y0tEOUE1L1pmY3pSN2sxMVEvS3FwM01ZcllCbzZvWQp5bzJLTWg0bk5EbnZIZm5acUdWSW5VRlp0OUF2ZUN2NVNXZU5HNk1sQkJ3WjBoTDNOUk80dGxSbnhwNFNsaUtFCkE0cWN4cGRrUnorSVJrbi82Vm9nOWppYXQ2K3h3bGdZb3RMOVRrUUx3VG9RZDRKdUlWeExvQkZLMTRUQTRqak0KSnBjVThUc3BVYzhvCi0tLS0tRU5EIENFUlRJRklDQVRFLS0tLS0K"
              }
            ],
            "cluster_id": null,
            "compute_config": [],
            "created_at": "2025-02-16T04:53:26Z",
            "enabled_cluster_log_types": null,
            "encryption_config": [],
            "endpoint": "https://CFDC109941F5FF9C0A13D753DC0A57FF.gr7.ap-south-1.eks.amazonaws.com",
            "id": "Pulp-K8s-Terraform",
            "identity": [
              {
                "oidc": [
                  {
                    "issuer": "https://oidc.eks.ap-south-1.amazonaws.com/id/CFDC109941F5FF9C0A13D753DC0A57FF"
                  }
                ]
              }
            ],
            "kubernetes_network_config": [
              {
                "elastic_load_balancing": [
                  {
                    "enabled": false
                  }
                ],
                "ip_family": "ipv4",
                "service_ipv4_cidr": "10.100.0.0/16",
                "service_ipv6_cidr": ""
              }
            ],
            "name": "Pulp-K8s-Terraform",
            "outpost_config": [],
            "platform_version": "eks.19",
            "remote_network_config": [],
            "role_arn": "arn:aws:iam::205930613551:role/k8s-cluster",
            "status": "ACTIVE",
            "storage_config": [],
            "tags": null,
            "tags_all": {},
            "timeouts": null,
            "upgrade_policy": [
              {
                "support_type": "STANDARD"
              }
            ],
            "version": "1.31",
            "vpc_config": [
              {
                "cluster_security_group_id": "sg-05104c2af25ce4caa",
                "endpoint_private_access": true,
                "endpoint_public_access": true,
                "public_access_cidrs": [
                  "0.0.0.0/0"
                ],
                "security_group_ids": [
                  "sg-00b574ed3c0c0f494"
                ],
                "subnet_ids": [
                  "subnet-0a071b233f3877bb2",
                  "subnet-0b95ce320c97b82e7",
                  "subnet-0f6441c26324477cb"
                ],
                "vpc_id": "vpc-00efaf1737d36a26a"
              }
            ],
            "zonal_shift_config": []
          },
          "sensitive_attributes": [],
          "private": "eyJlMmJmYjczMC1lY2FhLTExZTYtOGY4OC0zNDM2M2JjN2M0YzAiOnsiY3JlYXRlIjoxODAwMDAwMDAwMDAwLCJkZWxldGUiOjkwMDAwMDAwMDAwMCwidXBkYXRlIjozNjAwMDAwMDAwMDAwfSwic2NoZW1hX3ZlcnNpb24iOiIxIn0="
        }
      ]
    },
    {
      "module": "module.eks_node_group",
      "mode": "data",
      "type": "aws_instances",
      "name": "pulp_k8s_instances",
      "provider": "provider[\"registry.terraform.io/hashicorp/aws\"]",
      "instances": [
        {
          "schema_version": 0,
          "attributes": {
            "filter": [
              {
                "name": "instance-state-name",
                "values": [
                  "running"
                ]
              },
              {
                "name": "tag:eks:nodegroup-name",
                "values": [
                  "Pulp-K8s-Node"
                ]
              }
            ],
            "id": "ap-south-1",
            "ids": [
              "i-012ecfb032f916665"
            ],
            "instance_state_names": null,
            "instance_tags": null,
            "ipv6_addresses": [],
            "private_ips": [
              "172.31.44.9"
            ],
            "public_ips": [
              "65.2.129.88"
            ],
            "timeouts": null
          },
          "sensitive_attributes": []
        }
      ]
    },
    {
      "module": "module.eks_node_group",
      "mode": "managed",
      "type": "aws_eks_addon",
      "name": "coredns",
      "provider": "provider[\"registry.terraform.io/hashicorp/aws\"]",
      "instances": [
        {
          "schema_version": 0,
          "attributes": {
            "addon_name": "coredns",
            "addon_version": "v1.11.3-eksbuild.1",
            "arn": "arn:aws:eks:ap-south-1:205930613551:addon/Pulp-K8s-Terraform/coredns/2aca8693-1ca7-1047-21b4-78cc0e324a60",
            "cluster_name": "Pulp-K8s-Terraform",
            "configuration_values": "",
            "created_at": "2025-02-16T05:06:03Z",
            "id": "Pulp-K8s-Terraform:coredns",
            "modified_at": "2025-02-16T05:06:17Z",
            "pod_identity_association": [],
            "preserve": null,
            "resolve_conflicts": null,
            "resolve_conflicts_on_create": null,
            "resolve_conflicts_on_update": null,
            "service_account_role_arn": "",
            "tags": null,
            "tags_all": {},
            "timeouts": null
          },
          "sensitive_attributes": [],
          "private": "eyJlMmJmYjczMC1lY2FhLTExZTYtOGY4OC0zNDM2M2JjN2M0YzAiOnsiY3JlYXRlIjoxMjAwMDAwMDAwMDAwLCJkZWxldGUiOjI0MDAwMDAwMDAwMDAsInVwZGF0ZSI6MTIwMDAwMDAwMDAwMH19",
          "dependencies": [
            "module.eks_auth_mode.null_resource.update_authentication_mode",
            "module.eks_cluster.aws_eks_cluster.pulp_k8s",
            "module.eks_node_group.aws_eks_node_group.pulp_k8s_node_group"
          ]
        }
      ]
    },
    {
      "module": "module.eks_node_group",
      "mode": "managed",
      "type": "aws_eks_addon",
      "name": "ebs_csi_driver",
      "provider": "provider[\"registry.terraform.io/hashicorp/aws\"]",
      "instances": [
        {
          "schema_version": 0,
          "attributes": {
            "addon_name": "aws-ebs-csi-driver",
            "addon_version": "v1.39.0-eksbuild.1",
            "arn": "arn:aws:eks:ap-south-1:205930613551:addon/Pulp-K8s-Terraform/aws-ebs-csi-driver/0aca8693-1ca9-65f1-04ed-f8dc18e21217",
            "cluster_name": "Pulp-K8s-Terraform",
            "configuration_values": "",
            "created_at": "2025-02-16T05:06:04Z",
            "id": "Pulp-K8s-Terraform:aws-ebs-csi-driver",
            "modified_at": "2025-02-16T05:06:55Z",
            "pod_identity_association": [],
            "preserve": null,
            "resolve_conflicts": null,
            "resolve_conflicts_on_create": null,
            "resolve_conflicts_on_update": null,
            "service_account_role_arn": "",
            "tags": null,
            "tags_all": {},
            "timeouts": null
          },
          "sensitive_attributes": [],
          "private": "eyJlMmJmYjczMC1lY2FhLTExZTYtOGY4OC0zNDM2M2JjN2M0YzAiOnsiY3JlYXRlIjoxMjAwMDAwMDAwMDAwLCJkZWxldGUiOjI0MDAwMDAwMDAwMDAsInVwZGF0ZSI6MTIwMDAwMDAwMDAwMH19",
          "dependencies": [
            "module.eks_auth_mode.null_resource.update_authentication_mode",
            "module.eks_cluster.aws_eks_cluster.pulp_k8s",
            "module.eks_node_group.aws_eks_node_group.pulp_k8s_node_group"
          ]
        }
      ]
    },
    {
      "module": "module.eks_node_group",
      "mode": "managed",
      "type": "aws_eks_addon",
      "name": "kube_proxy",
      "provider": "provider[\"registry.terraform.io/hashicorp/aws\"]",
      "instances": [
        {
          "schema_version": 0,
          "attributes": {
            "addon_name": "kube-proxy",
            "addon_version": "v1.31.2-eksbuild.3",
            "arn": "arn:aws:eks:ap-south-1:205930613551:addon/Pulp-K8s-Terraform/kube-proxy/0cca8693-1ca9-2636-2291-d4dfb77f9c66",
            "cluster_name": "Pulp-K8s-Terraform",
            "configuration_values": "",
            "created_at": "2025-02-16T05:06:04Z",
            "id": "Pulp-K8s-Terraform:kube-proxy",
            "modified_at": "2025-02-16T05:06:11Z",
            "pod_identity_association": [],
            "preserve": null,
            "resolve_conflicts": null,
            "resolve_conflicts_on_create": null,
            "resolve_conflicts_on_update": null,
            "service_account_role_arn": "",
            "tags": null,
            "tags_all": {},
            "timeouts": null
          },
          "sensitive_attributes": [],
          "private": "eyJlMmJmYjczMC1lY2FhLTExZTYtOGY4OC0zNDM2M2JjN2M0YzAiOnsiY3JlYXRlIjoxMjAwMDAwMDAwMDAwLCJkZWxldGUiOjI0MDAwMDAwMDAwMDAsInVwZGF0ZSI6MTIwMDAwMDAwMDAwMH19",
          "dependencies": [
            "module.eks_auth_mode.null_resource.update_authentication_mode",
            "module.eks_cluster.aws_eks_cluster.pulp_k8s",
            "module.eks_node_group.aws_eks_node_group.pulp_k8s_node_group"
          ]
        }
      ]
    },
    {
      "module": "module.eks_node_group",
      "mode": "managed",
      "type": "aws_eks_addon",
      "name": "vpc_cni",
      "provider": "provider[\"registry.terraform.io/hashicorp/aws\"]",
      "instances": [
        {
          "schema_version": 0,
          "attributes": {
            "addon_name": "vpc-cni",
            "addon_version": "v1.19.0-eksbuild.1",
            "arn": "arn:aws:eks:ap-south-1:205930613551:addon/Pulp-K8s-Terraform/vpc-cni/f6ca8693-1ca4-1f16-95f0-bd1f0e33d6d3",
            "cluster_name": "Pulp-K8s-Terraform",
            "configuration_values": "",
            "created_at": "2025-02-16T05:06:04Z",
            "id": "Pulp-K8s-Terraform:vpc-cni",
            "modified_at": "2025-02-16T05:06:43Z",
            "pod_identity_association": [],
            "preserve": null,
            "resolve_conflicts": null,
            "resolve_conflicts_on_create": null,
            "resolve_conflicts_on_update": null,
            "service_account_role_arn": "",
            "tags": null,
            "tags_all": {},
            "timeouts": null
          },
          "sensitive_attributes": [],
          "private": "eyJlMmJmYjczMC1lY2FhLTExZTYtOGY4OC0zNDM2M2JjN2M0YzAiOnsiY3JlYXRlIjoxMjAwMDAwMDAwMDAwLCJkZWxldGUiOjI0MDAwMDAwMDAwMDAsInVwZGF0ZSI6MTIwMDAwMDAwMDAwMH19",
          "dependencies": [
            "module.eks_auth_mode.null_resource.update_authentication_mode",
            "module.eks_cluster.aws_eks_cluster.pulp_k8s",
            "module.eks_node_group.aws_eks_node_group.pulp_k8s_node_group"
          ]
        }
      ]
    },
    {
      "module": "module.eks_node_group",
      "mode": "managed",
      "type": "aws_eks_node_group",
      "name": "pulp_k8s_node_group",
      "provider": "provider[\"registry.terraform.io/hashicorp/aws\"]",
      "instances": [
        {
          "schema_version": 0,
          "attributes": {
            "ami_type": "AL2023_x86_64_STANDARD",
            "arn": "arn:aws:eks:ap-south-1:205930613551:nodegroup/Pulp-K8s-Terraform/Pulp-K8s-Node/3eca8692-4820-3b4b-61f7-fff29bd4f59f",
            "capacity_type": "ON_DEMAND",
            "cluster_name": "Pulp-K8s-Terraform",
            "disk_size": 20,
            "force_update_version": null,
            "id": "Pulp-K8s-Terraform:Pulp-K8s-Node",
            "instance_types": [
              "t3.medium"
            ],
            "labels": null,
            "launch_template": [],
            "node_group_name": "Pulp-K8s-Node",
            "node_group_name_prefix": "",
            "node_repair_config": [],
            "node_role_arn": "arn:aws:iam::205930613551:role/Admin",
            "release_version": "1.31.4-20250203",
            "remote_access": [
              {
                "ec2_ssh_key": "Pulp-K8s-mumbai",
                "source_security_group_ids": [
                  "sg-00b574ed3c0c0f494"
                ]
              }
            ],
            "resources": [
              {
                "autoscaling_groups": [
                  {
                    "name": "eks-Pulp-K8s-Node-3eca8692-4820-3b4b-61f7-fff29bd4f59f"
                  }
                ],
                "remote_access_security_group_id": "sg-02ca2a9263257b715"
              }
            ],
            "scaling_config": [
              {
                "desired_size": 1,
                "max_size": 1,
                "min_size": 1
              }
            ],
            "status": "ACTIVE",
            "subnet_ids": [
              "subnet-0a071b233f3877bb2",
              "subnet-0b95ce320c97b82e7",
              "subnet-0f6441c26324477cb"
            ],
            "tags": null,
            "tags_all": {},
            "taint": [],
            "timeouts": null,
            "update_config": [
              {
                "max_unavailable": 1,
                "max_unavailable_percentage": 0
              }
            ],
            "version": "1.31"
          },
          "sensitive_attributes": [],
          "private": "eyJlMmJmYjczMC1lY2FhLTExZTYtOGY4OC0zNDM2M2JjN2M0YzAiOnsiY3JlYXRlIjozNjAwMDAwMDAwMDAwLCJkZWxldGUiOjM2MDAwMDAwMDAwMDAsInVwZGF0ZSI6MzYwMDAwMDAwMDAwMH19",
          "dependencies": [
            "module.eks_auth_mode.null_resource.update_authentication_mode",
            "module.eks_cluster.aws_eks_cluster.pulp_k8s"
          ]
        }
      ]
    },
    {
      "module": "module.eks_node_group",
      "mode": "managed",
      "type": "null_resource",
      "name": "modify_instance_metadata",
      "provider": "provider[\"registry.terraform.io/hashicorp/null\"]",
      "instances": [
        {
          "schema_version": 0,
          "attributes": {
            "id": "5738038472459185021",
            "triggers": null
          },
          "sensitive_attributes": [],
          "dependencies": [
            "module.eks_auth_mode.null_resource.update_authentication_mode",
            "module.eks_cluster.aws_eks_cluster.pulp_k8s",
            "module.eks_node_group.aws_eks_node_group.pulp_k8s_node_group",
            "module.eks_node_group.data.aws_instances.pulp_k8s_instances"
          ]
        }
      ]
    }
  ],
  "check_results": null
}
