{
  "version": 4,
  "terraform_version": "1.5.6",
  "serial": 20,
  "lineage": "8825f1ad-570a-8bed-9bff-c356bf49467d",
  "outputs": {},
  "resources": [
    {
      "module": "module.eks_auth_mode",
      "mode": "managed",
      "type": "null_resource",
      "name": "update_authentication_mode",
      "provider": "provider[\"registry.terraform.io/hashicorp/null\"]",
      "instances": [
        {
          "schema_version": 0,
          "attributes": {
            "id": "8929556758205939108",
            "triggers": {
              "always_run": "2025-01-18T04:32:29Z"
            }
          },
          "sensitive_attributes": [],
          "dependencies": [
            "module.eks_cluster.aws_eks_cluster.pulp_k8s"
          ]
        }
      ]
    },
    {
      "module": "module.eks_cluster",
      "mode": "managed",
      "type": "aws_eks_cluster",
      "name": "pulp_k8s",
      "provider": "provider[\"registry.terraform.io/hashicorp/aws\"]",
      "instances": [
        {
          "schema_version": 1,
          "attributes": {
            "access_config": [
              {
                "authentication_mode": "CONFIG_MAP",
                "bootstrap_cluster_creator_admin_permissions": true
              }
            ],
            "arn": "arn:aws:eks:ap-south-1:205930613551:cluster/Pulp-K8s-Terraform",
            "bootstrap_self_managed_addons": true,
            "certificate_authority": [
              {
                "data": "LS0tLS1CRUdJTiBDRVJUSUZJQ0FURS0tLS0tCk1JSURCVENDQWUyZ0F3SUJBZ0lJU1pGNnJYblBoQ2t3RFFZSktvWklodmNOQVFFTEJRQXdGVEVUTUJFR0ExVUUKQXhNS2EzVmlaWEp1WlhSbGN6QWVGdzB5TlRBeE1UZ3dOREl6TWpsYUZ3MHpOVEF4TVRZd05ESTRNamxhTUJVeApFekFSQmdOVkJBTVRDbXQxWW1WeWJtVjBaWE13Z2dFaU1BMEdDU3FHU0liM0RRRUJBUVVBQTRJQkR3QXdnZ0VLCkFvSUJBUURqTkVPN1VvNlI1WGREdUxBZlJXUEJjUkhBUms1aG4rUEFpb1dnTzRIRnJPMU1YSCtNbGJZMlFZMm8KWG56UTB3Q0pTZ3VMUW9GRm5UZ3RKMTFITmNuQUxQZGQ2OXdzMmtyazlqc1RKSzBtYjhyekEydUNKdnhYNzlUZwpMWHhhODBMc2xsVTJ2eUpmVEtCM2JOYnYzbE5uRlZqd1J5U1ZGSE1scUlJeEY3V2Q0Wk91WjN0VHErczBjNUdpCkJNMVBLTjA4TjJlSGVZN2VUT1AraWRBblFtSEdjWjc2OWx4L1FIb3ZtaDgrbTBNblhWdkRqOUx0NnRRWERldkcKTUx4ZzdNVVpBaE5BVTdrcHErZlJ1VWQzaFFtRmtTRmtETzUwN2ovbEdjdW1CaHlWZUk1cVNLN01uTEszQUw2SApqSGNzVkdzWitYVHJoczFQTm1pa09XVFJCZjlCQWdNQkFBR2pXVEJYTUE0R0ExVWREd0VCL3dRRUF3SUNwREFQCkJnTlZIUk1CQWY4RUJUQURBUUgvTUIwR0ExVWREZ1FXQkJUc1NKblRaWEhleVhrMnhLb21ldmxUbWcxcFl6QVYKQmdOVkhSRUVEakFNZ2dwcmRXSmxjbTVsZEdWek1BMEdDU3FHU0liM0RRRUJDd1VBQTRJQkFRQksxcjdiWFFKbwpJS3UyUTQ3NFVua2U2VFFqSW1SRWFXV2wxdHoxUEhsTHJwRFRJRFJvdUhUZlR0NjhVK0hiSDVqQUo2eThIamhKCmV0YmpFcTlRVzVZWUpjWGsxaHlGZHU0NFpzRE5JY2RyNXJDeVZ4RWVoNVJlZW8vU1VGdTNnVVE5ajVaWkhqTjIKOHFpMWlnaDVIUDZtcFppTjl5ZXloMGJLNC9zWWE4b2duS0lmT05ReFJmZzhocm4vb29VbTBBZHgxVml6SU5zdwpKTE5OYnVhK0dLclRKeStyNGYzZW1zZUpwY0JyeE1EcXN4RVk2enRkdjJjNmhCTWFROHh6NnFxUXpWbVcwYWlZCk1vWEZ2Z29lUXZId2VZajg5eCtnamtpZGtxbXlubWNOc2tsMDF3OW9GTy8yNFVReXA2TjV2VkNxUTJZblNPTzEKRVRwZ1JBelk4Mkh2Ci0tLS0tRU5EIENFUlRJRklDQVRFLS0tLS0K"
              }
            ],
            "cluster_id": null,
            "compute_config": [],
            "created_at": "2025-01-18T04:24:44Z",
            "enabled_cluster_log_types": null,
            "encryption_config": [],
            "endpoint": "https://B9133D3D095E2897A1400132561EF603.yl4.ap-south-1.eks.amazonaws.com",
            "id": "Pulp-K8s-Terraform",
            "identity": [
              {
                "oidc": [
                  {
                    "issuer": "https://oidc.eks.ap-south-1.amazonaws.com/id/B9133D3D095E2897A1400132561EF603"
                  }
                ]
              }
            ],
            "kubernetes_network_config": [
              {
                "elastic_load_balancing": [
                  {
                    "enabled": false
                  }
                ],
                "ip_family": "ipv4",
                "service_ipv4_cidr": "10.100.0.0/16",
                "service_ipv6_cidr": ""
              }
            ],
            "name": "Pulp-K8s-Terraform",
            "outpost_config": [],
            "platform_version": "eks.17",
            "remote_network_config": [],
            "role_arn": "arn:aws:iam::205930613551:role/k8s-cluster",
            "status": "ACTIVE",
            "storage_config": [],
            "tags": null,
            "tags_all": {},
            "timeouts": null,
            "upgrade_policy": [
              {
                "support_type": "STANDARD"
              }
            ],
            "version": "1.31",
            "vpc_config": [
              {
                "cluster_security_group_id": "sg-078aad03f8ef00250",
                "endpoint_private_access": true,
                "endpoint_public_access": true,
                "public_access_cidrs": [
                  "0.0.0.0/0"
                ],
                "security_group_ids": [
                  "sg-00b574ed3c0c0f494"
                ],
                "subnet_ids": [
                  "subnet-0a071b233f3877bb2",
                  "subnet-0b95ce320c97b82e7",
                  "subnet-0f6441c26324477cb"
                ],
                "vpc_id": "vpc-00efaf1737d36a26a"
              }
            ],
            "zonal_shift_config": []
          },
          "sensitive_attributes": [],
          "private": "eyJlMmJmYjczMC1lY2FhLTExZTYtOGY4OC0zNDM2M2JjN2M0YzAiOnsiY3JlYXRlIjoxODAwMDAwMDAwMDAwLCJkZWxldGUiOjkwMDAwMDAwMDAwMCwidXBkYXRlIjozNjAwMDAwMDAwMDAwfSwic2NoZW1hX3ZlcnNpb24iOiIxIn0="
        }
      ]
    },
    {
      "module": "module.eks_node_group",
      "mode": "data",
      "type": "aws_instances",
      "name": "pulp_k8s_instances",
      "provider": "provider[\"registry.terraform.io/hashicorp/aws\"]",
      "instances": [
        {
          "schema_version": 0,
          "attributes": {
            "filter": [
              {
                "name": "instance-state-name",
                "values": [
                  "running"
                ]
              },
              {
                "name": "tag:eks:nodegroup-name",
                "values": [
                  "Pulp-K8s-Node"
                ]
              }
            ],
            "id": "ap-south-1",
            "ids": [
              "i-03cb0e5e5aa3c7cb5"
            ],
            "instance_state_names": null,
            "instance_tags": null,
            "ipv6_addresses": [],
            "private_ips": [
              "172.31.27.103"
            ],
            "public_ips": [
              "52.66.232.99"
            ],
            "timeouts": null
          },
          "sensitive_attributes": []
        }
      ]
    },
    {
      "module": "module.eks_node_group",
      "mode": "managed",
      "type": "aws_eks_addon",
      "name": "coredns",
      "provider": "provider[\"registry.terraform.io/hashicorp/aws\"]",
      "instances": [
        {
          "schema_version": 0,
          "attributes": {
            "addon_name": "coredns",
            "addon_version": "v1.11.3-eksbuild.1",
            "arn": "arn:aws:eks:ap-south-1:205930613551:addon/Pulp-K8s-Terraform/coredns/88ca3bd9-6400-a325-e6c7-0514ce83c9ad",
            "cluster_name": "Pulp-K8s-Terraform",
            "configuration_values": "",
            "created_at": "2025-01-18T04:36:33Z",
            "id": "Pulp-K8s-Terraform:coredns",
            "modified_at": "2025-01-18T04:36:47Z",
            "pod_identity_association": [],
            "preserve": null,
            "resolve_conflicts": null,
            "resolve_conflicts_on_create": null,
            "resolve_conflicts_on_update": null,
            "service_account_role_arn": "",
            "tags": null,
            "tags_all": {},
            "timeouts": null
          },
          "sensitive_attributes": [],
          "private": "eyJlMmJmYjczMC1lY2FhLTExZTYtOGY4OC0zNDM2M2JjN2M0YzAiOnsiY3JlYXRlIjoxMjAwMDAwMDAwMDAwLCJkZWxldGUiOjI0MDAwMDAwMDAwMDAsInVwZGF0ZSI6MTIwMDAwMDAwMDAwMH19",
          "dependencies": [
            "module.eks_auth_mode.null_resource.update_authentication_mode",
            "module.eks_cluster.aws_eks_cluster.pulp_k8s",
            "module.eks_node_group.aws_eks_node_group.pulp_k8s_node_group"
          ]
        }
      ]
    },
    {
      "module": "module.eks_node_group",
      "mode": "managed",
      "type": "aws_eks_addon",
      "name": "ebs_csi_driver",
      "provider": "provider[\"registry.terraform.io/hashicorp/aws\"]",
      "instances": [
        {
          "schema_version": 0,
          "attributes": {
            "addon_name": "aws-ebs-csi-driver",
            "addon_version": "v1.38.1-eksbuild.1",
            "arn": "arn:aws:eks:ap-south-1:205930613551:addon/Pulp-K8s-Terraform/aws-ebs-csi-driver/60ca3bd9-6401-728d-3259-b2dbf0f66a5e",
            "cluster_name": "Pulp-K8s-Terraform",
            "configuration_values": "",
            "created_at": "2025-01-18T04:36:33Z",
            "id": "Pulp-K8s-Terraform:aws-ebs-csi-driver",
            "modified_at": "2025-01-18T04:37:24Z",
            "pod_identity_association": [],
            "preserve": null,
            "resolve_conflicts": null,
            "resolve_conflicts_on_create": null,
            "resolve_conflicts_on_update": null,
            "service_account_role_arn": "",
            "tags": null,
            "tags_all": {},
            "timeouts": null
          },
          "sensitive_attributes": [],
          "private": "eyJlMmJmYjczMC1lY2FhLTExZTYtOGY4OC0zNDM2M2JjN2M0YzAiOnsiY3JlYXRlIjoxMjAwMDAwMDAwMDAwLCJkZWxldGUiOjI0MDAwMDAwMDAwMDAsInVwZGF0ZSI6MTIwMDAwMDAwMDAwMH19",
          "dependencies": [
            "module.eks_auth_mode.null_resource.update_authentication_mode",
            "module.eks_cluster.aws_eks_cluster.pulp_k8s",
            "module.eks_node_group.aws_eks_node_group.pulp_k8s_node_group"
          ]
        }
      ]
    },
    {
      "module": "module.eks_node_group",
      "mode": "managed",
      "type": "aws_eks_addon",
      "name": "kube_proxy",
      "provider": "provider[\"registry.terraform.io/hashicorp/aws\"]",
      "instances": [
        {
          "schema_version": 0,
          "attributes": {
            "addon_name": "kube-proxy",
            "addon_version": "v1.31.2-eksbuild.3",
            "arn": "arn:aws:eks:ap-south-1:205930613551:addon/Pulp-K8s-Terraform/kube-proxy/84ca3bd9-6402-3538-707b-b2b7096325ce",
            "cluster_name": "Pulp-K8s-Terraform",
            "configuration_values": "",
            "created_at": "2025-01-18T04:36:33Z",
            "id": "Pulp-K8s-Terraform:kube-proxy",
            "modified_at": "2025-01-18T04:36:40Z",
            "pod_identity_association": [],
            "preserve": null,
            "resolve_conflicts": null,
            "resolve_conflicts_on_create": null,
            "resolve_conflicts_on_update": null,
            "service_account_role_arn": "",
            "tags": null,
            "tags_all": {},
            "timeouts": null
          },
          "sensitive_attributes": [],
          "private": "eyJlMmJmYjczMC1lY2FhLTExZTYtOGY4OC0zNDM2M2JjN2M0YzAiOnsiY3JlYXRlIjoxMjAwMDAwMDAwMDAwLCJkZWxldGUiOjI0MDAwMDAwMDAwMDAsInVwZGF0ZSI6MTIwMDAwMDAwMDAwMH19",
          "dependencies": [
            "module.eks_auth_mode.null_resource.update_authentication_mode",
            "module.eks_cluster.aws_eks_cluster.pulp_k8s",
            "module.eks_node_group.aws_eks_node_group.pulp_k8s_node_group"
          ]
        }
      ]
    },
    {
      "module": "module.eks_node_group",
      "mode": "managed",
      "type": "aws_eks_addon",
      "name": "vpc_cni",
      "provider": "provider[\"registry.terraform.io/hashicorp/aws\"]",
      "instances": [
        {
          "schema_version": 0,
          "attributes": {
            "addon_name": "vpc-cni",
            "addon_version": "v1.19.0-eksbuild.1",
            "arn": "arn:aws:eks:ap-south-1:205930613551:addon/Pulp-K8s-Terraform/vpc-cni/80ca3bd9-6402-591b-a429-fa1fdb98d727",
            "cluster_name": "Pulp-K8s-Terraform",
            "configuration_values": "",
            "created_at": "2025-01-18T04:36:33Z",
            "id": "Pulp-K8s-Terraform:vpc-cni",
            "modified_at": "2025-01-18T04:37:12Z",
            "pod_identity_association": [],
            "preserve": null,
            "resolve_conflicts": null,
            "resolve_conflicts_on_create": null,
            "resolve_conflicts_on_update": null,
            "service_account_role_arn": "",
            "tags": null,
            "tags_all": {},
            "timeouts": null
          },
          "sensitive_attributes": [],
          "private": "eyJlMmJmYjczMC1lY2FhLTExZTYtOGY4OC0zNDM2M2JjN2M0YzAiOnsiY3JlYXRlIjoxMjAwMDAwMDAwMDAwLCJkZWxldGUiOjI0MDAwMDAwMDAwMDAsInVwZGF0ZSI6MTIwMDAwMDAwMDAwMH19",
          "dependencies": [
            "module.eks_auth_mode.null_resource.update_authentication_mode",
            "module.eks_cluster.aws_eks_cluster.pulp_k8s",
            "module.eks_node_group.aws_eks_node_group.pulp_k8s_node_group"
          ]
        }
      ]
    },
    {
      "module": "module.eks_node_group",
      "mode": "managed",
      "type": "aws_eks_node_group",
      "name": "pulp_k8s_node_group",
      "provider": "provider[\"registry.terraform.io/hashicorp/aws\"]",
      "instances": [
        {
          "schema_version": 0,
          "attributes": {
            "ami_type": "AL2023_x86_64_STANDARD",
            "arn": "arn:aws:eks:ap-south-1:205930613551:nodegroup/Pulp-K8s-Terraform/Pulp-K8s-Node/1aca3bd8-7791-08f8-0973-39a8033de0db",
            "capacity_type": "ON_DEMAND",
            "cluster_name": "Pulp-K8s-Terraform",
            "disk_size": 20,
            "force_update_version": null,
            "id": "Pulp-K8s-Terraform:Pulp-K8s-Node",
            "instance_types": [
              "t3.medium"
            ],
            "labels": null,
            "launch_template": [],
            "node_group_name": "Pulp-K8s-Node",
            "node_group_name_prefix": "",
            "node_repair_config": [],
            "node_role_arn": "arn:aws:iam::205930613551:role/Admin",
            "release_version": "1.31.4-20250116",
            "remote_access": [
              {
                "ec2_ssh_key": "Pulp-K8s-mumbai",
                "source_security_group_ids": [
                  "sg-00b574ed3c0c0f494"
                ]
              }
            ],
            "resources": [
              {
                "autoscaling_groups": [
                  {
                    "name": "eks-Pulp-K8s-Node-1aca3bd8-7791-08f8-0973-39a8033de0db"
                  }
                ],
                "remote_access_security_group_id": "sg-0357bfd0da1ec62b6"
              }
            ],
            "scaling_config": [
              {
                "desired_size": 1,
                "max_size": 1,
                "min_size": 1
              }
            ],
            "status": "ACTIVE",
            "subnet_ids": [
              "subnet-0a071b233f3877bb2",
              "subnet-0b95ce320c97b82e7",
              "subnet-0f6441c26324477cb"
            ],
            "tags": null,
            "tags_all": {},
            "taint": [],
            "timeouts": null,
            "update_config": [
              {
                "max_unavailable": 1,
                "max_unavailable_percentage": 0
              }
            ],
            "version": "1.31"
          },
          "sensitive_attributes": [],
          "private": "eyJlMmJmYjczMC1lY2FhLTExZTYtOGY4OC0zNDM2M2JjN2M0YzAiOnsiY3JlYXRlIjozNjAwMDAwMDAwMDAwLCJkZWxldGUiOjM2MDAwMDAwMDAwMDAsInVwZGF0ZSI6MzYwMDAwMDAwMDAwMH19",
          "dependencies": [
            "module.eks_auth_mode.null_resource.update_authentication_mode",
            "module.eks_cluster.aws_eks_cluster.pulp_k8s"
          ]
        }
      ]
    },
    {
      "module": "module.eks_node_group",
      "mode": "managed",
      "type": "null_resource",
      "name": "modify_instance_metadata",
      "provider": "provider[\"registry.terraform.io/hashicorp/null\"]",
      "instances": [
        {
          "schema_version": 0,
          "attributes": {
            "id": "5910968846060162937",
            "triggers": null
          },
          "sensitive_attributes": [],
          "dependencies": [
            "module.eks_auth_mode.null_resource.update_authentication_mode",
            "module.eks_cluster.aws_eks_cluster.pulp_k8s",
            "module.eks_node_group.aws_eks_node_group.pulp_k8s_node_group",
            "module.eks_node_group.data.aws_instances.pulp_k8s_instances"
          ]
        }
      ]
    }
  ],
  "check_results": null
}
