{
  "version": 4,
  "terraform_version": "1.10.2",
  "serial": 10,
  "lineage": "a60ed20b-0006-b356-4728-19b79b966891",
  "outputs": {},
  "resources": [
    {
      "module": "module.eks_auth_mode",
      "mode": "managed",
      "type": "null_resource",
      "name": "update_authentication_mode",
      "provider": "provider[\"registry.terraform.io/hashicorp/null\"]",
      "instances": [
        {
          "schema_version": 0,
          "attributes": {
            "id": "2770980672984262608",
            "triggers": {
              "always_run": "2024-12-30T15:17:05Z"
            }
          },
          "sensitive_attributes": [],
          "dependencies": [
            "module.eks_cluster.aws_eks_cluster.pulp_k8s"
          ]
        }
      ]
    },
    {
      "module": "module.eks_cluster",
      "mode": "managed",
      "type": "aws_eks_cluster",
      "name": "pulp_k8s",
      "provider": "provider[\"registry.terraform.io/hashicorp/aws\"]",
      "instances": [
        {
          "schema_version": 1,
          "attributes": {
            "access_config": [
              {
                "authentication_mode": "CONFIG_MAP",
                "bootstrap_cluster_creator_admin_permissions": true
              }
            ],
            "arn": "arn:aws:eks:ap-south-1:205930613551:cluster/Pulp-K8s-Terraform",
            "bootstrap_self_managed_addons": true,
            "certificate_authority": [
              {
                "data": "LS0tLS1CRUdJTiBDRVJUSUZJQ0FURS0tLS0tCk1JSURCVENDQWUyZ0F3SUJBZ0lJZkNYTFRyNlkveTR3RFFZSktvWklodmNOQVFFTEJRQXdGVEVUTUJFR0ExVUUKQXhNS2EzVmlaWEp1WlhSbGN6QWVGdzB5TkRFeU16QXhOVEE0TXpCYUZ3MHpOREV5TWpneE5URXpNekJhTUJVeApFekFSQmdOVkJBTVRDbXQxWW1WeWJtVjBaWE13Z2dFaU1BMEdDU3FHU0liM0RRRUJBUVVBQTRJQkR3QXdnZ0VLCkFvSUJBUURJS2ROTHZ0dFNDVW83RStVNEp5UWlJT0lXc2ZqenlMVjQ5MW5FR2tsZTZSd0xxY20wakFWWjlsc0QKdytIMEliT2hzL1hkZUhQTVFDS0RrV1lldkdNRW1tTWVHTHF6MHkweHFtUGlLckVjSi9rSFBuU0hrK3RYQTl1Vwo3S1U1WDB6ZHJFL3ZqUE04Qmp3a1JLQzROSytUN2JmUlBScFVTTzVOUHFCVTJzQmxhR2t0enVWbUNldW9OZmZYCnhKek9sT0puQXp3cmNSSGFRRU9zRTc0VWxWUzJxNGJERU1PYk1uckk4MmErVk4vSVQvUVFwTnZSQmtjM1VCUnUKQUorMkxaNVVxVThERFRQdm01ZUp3WUtXVU50YW1VbjRrY1dFeU44TWkzTEV5eTVJVHdjZWtOUS9pZlhQMkNoZgpjK3M3Y3Y4dDQ5ZDhQWVE5WThXMXJFTlE4MXRuQWdNQkFBR2pXVEJYTUE0R0ExVWREd0VCL3dRRUF3SUNwREFQCkJnTlZIUk1CQWY4RUJUQURBUUgvTUIwR0ExVWREZ1FXQkJRQmRmZVJyWG8zVVBtSmhXVGxCN1N2MUJ4QlJ6QVYKQmdOVkhSRUVEakFNZ2dwcmRXSmxjbTVsZEdWek1BMEdDU3FHU0liM0RRRUJDd1VBQTRJQkFRQ3ZRelZJK3ZIdQpwTzUyZjVIbFlzc05LTFJPak5MWnlmbFdlUGRGRDlDUnFndWRrTkRKMHJCb1RtMUxxaUZxYUJ3TWhReHFKaE5HCkNnZmM2UmQ4Y0R3dWE4V25CVCtQVVpUdzJXMVVHbCtBcnoyZTY1YlJJeWVxT3FwYTg4a09qLzNLTlE5bUJQRGQKazJsbEdxZ05LUHpLbDQ4M0ZMSjVGN1FHUi9iQzBna0IwRHJFYUxDSVhmeStIRDVKTXEzWTk2MTF4WjFUVFZ6UQpuUktwQzZ4K2Z1dy9yUWdaam9Jc3ZSU0Z4MDJyeHNWSTUxZG5UNFlNQkF6b05OQ0l4UmxtejFJbWhSR0JDRWxkCmxyZVViUDZwUWs1VE5BSVVOYUZJVU95SHUrakxnaU5DYVZ6VnhKUXJuZm9ESHRUOFpiYXhXMU5Sb3FJTUlQOFEKb3VaZWZibFNSVExjCi0tLS0tRU5EIENFUlRJRklDQVRFLS0tLS0K"
              }
            ],
            "cluster_id": null,
            "compute_config": [],
            "created_at": "2024-12-30T15:09:29Z",
            "enabled_cluster_log_types": null,
            "encryption_config": [],
            "endpoint": "https://1692920AD42223079DC131051A3A3BC6.gr7.ap-south-1.eks.amazonaws.com",
            "id": "Pulp-K8s-Terraform",
            "identity": [
              {
                "oidc": [
                  {
                    "issuer": "https://oidc.eks.ap-south-1.amazonaws.com/id/1692920AD42223079DC131051A3A3BC6"
                  }
                ]
              }
            ],
            "kubernetes_network_config": [
              {
                "elastic_load_balancing": [
                  {
                    "enabled": false
                  }
                ],
                "ip_family": "ipv4",
                "service_ipv4_cidr": "10.100.0.0/16",
                "service_ipv6_cidr": ""
              }
            ],
            "name": "Pulp-K8s-Terraform",
            "outpost_config": [],
            "platform_version": "eks.15",
            "remote_network_config": [],
            "role_arn": "arn:aws:iam::205930613551:role/k8s-cluster",
            "status": "ACTIVE",
            "storage_config": [],
            "tags": null,
            "tags_all": {},
            "timeouts": null,
            "upgrade_policy": [
              {
                "support_type": "STANDARD"
              }
            ],
            "version": "1.31",
            "vpc_config": [
              {
                "cluster_security_group_id": "sg-05a00952a2647609f",
                "endpoint_private_access": true,
                "endpoint_public_access": true,
                "public_access_cidrs": [
                  "0.0.0.0/0"
                ],
                "security_group_ids": [
                  "sg-00b574ed3c0c0f494"
                ],
                "subnet_ids": [
                  "subnet-0a071b233f3877bb2",
                  "subnet-0b95ce320c97b82e7",
                  "subnet-0f6441c26324477cb"
                ],
                "vpc_id": "vpc-00efaf1737d36a26a"
              }
            ],
            "zonal_shift_config": []
          },
          "sensitive_attributes": [],
          "private": "eyJlMmJmYjczMC1lY2FhLTExZTYtOGY4OC0zNDM2M2JjN2M0YzAiOnsiY3JlYXRlIjoxODAwMDAwMDAwMDAwLCJkZWxldGUiOjkwMDAwMDAwMDAwMCwidXBkYXRlIjozNjAwMDAwMDAwMDAwfSwic2NoZW1hX3ZlcnNpb24iOiIxIn0="
        }
      ]
    },
    {
      "module": "module.eks_node_group",
      "mode": "data",
      "type": "aws_instances",
      "name": "pulp_k8s_instances",
      "provider": "provider[\"registry.terraform.io/hashicorp/aws\"]",
      "instances": [
        {
          "schema_version": 0,
          "attributes": {
            "filter": [
              {
                "name": "instance-state-name",
                "values": [
                  "running"
                ]
              },
              {
                "name": "tag:eks:nodegroup-name",
                "values": [
                  "Pulp-K8s-Node"
                ]
              }
            ],
            "id": "ap-south-1",
            "ids": [
              "i-0a75ae456b05ca4fb"
            ],
            "instance_state_names": null,
            "instance_tags": null,
            "ipv6_addresses": [],
            "private_ips": [
              "172.31.47.145"
            ],
            "public_ips": [
              "3.108.184.152"
            ],
            "timeouts": null
          },
          "sensitive_attributes": []
        }
      ]
    },
    {
      "module": "module.eks_node_group",
      "mode": "managed",
      "type": "aws_eks_addon",
      "name": "coredns",
      "provider": "provider[\"registry.terraform.io/hashicorp/aws\"]",
      "instances": [
        {
          "schema_version": 0,
          "attributes": {
            "addon_name": "coredns",
            "addon_version": "v1.11.3-eksbuild.1",
            "arn": "arn:aws:eks:ap-south-1:205930613551:addon/Pulp-K8s-Terraform/coredns/60ca0c14-1191-3f83-4b40-a92b3e4307ea",
            "cluster_name": "Pulp-K8s-Terraform",
            "configuration_values": "",
            "created_at": "2024-12-30T15:21:11Z",
            "id": "Pulp-K8s-Terraform:coredns",
            "modified_at": "2024-12-30T15:21:25Z",
            "pod_identity_association": [],
            "preserve": null,
            "resolve_conflicts": null,
            "resolve_conflicts_on_create": null,
            "resolve_conflicts_on_update": null,
            "service_account_role_arn": "",
            "tags": null,
            "tags_all": {},
            "timeouts": null
          },
          "sensitive_attributes": [],
          "private": "eyJlMmJmYjczMC1lY2FhLTExZTYtOGY4OC0zNDM2M2JjN2M0YzAiOnsiY3JlYXRlIjoxMjAwMDAwMDAwMDAwLCJkZWxldGUiOjI0MDAwMDAwMDAwMDAsInVwZGF0ZSI6MTIwMDAwMDAwMDAwMH19",
          "dependencies": [
            "module.eks_auth_mode.null_resource.update_authentication_mode",
            "module.eks_cluster.aws_eks_cluster.pulp_k8s",
            "module.eks_node_group.aws_eks_node_group.pulp_k8s_node_group"
          ]
        }
      ]
    },
    {
      "module": "module.eks_node_group",
      "mode": "managed",
      "type": "aws_eks_addon",
      "name": "ebs_csi_driver",
      "provider": "provider[\"registry.terraform.io/hashicorp/aws\"]",
      "instances": [
        {
          "schema_version": 0,
          "attributes": {
            "addon_name": "aws-ebs-csi-driver",
            "addon_version": "v1.37.0-eksbuild.1",
            "arn": "arn:aws:eks:ap-south-1:205930613551:addon/Pulp-K8s-Terraform/aws-ebs-csi-driver/68ca0c14-1193-2994-b941-1b6fc1498353",
            "cluster_name": "Pulp-K8s-Terraform",
            "configuration_values": "",
            "created_at": "2024-12-30T15:21:11Z",
            "id": "Pulp-K8s-Terraform:aws-ebs-csi-driver",
            "modified_at": "2024-12-30T15:22:04Z",
            "pod_identity_association": [],
            "preserve": null,
            "resolve_conflicts": null,
            "resolve_conflicts_on_create": null,
            "resolve_conflicts_on_update": null,
            "service_account_role_arn": "",
            "tags": null,
            "tags_all": {},
            "timeouts": null
          },
          "sensitive_attributes": [],
          "private": "eyJlMmJmYjczMC1lY2FhLTExZTYtOGY4OC0zNDM2M2JjN2M0YzAiOnsiY3JlYXRlIjoxMjAwMDAwMDAwMDAwLCJkZWxldGUiOjI0MDAwMDAwMDAwMDAsInVwZGF0ZSI6MTIwMDAwMDAwMDAwMH19",
          "dependencies": [
            "module.eks_auth_mode.null_resource.update_authentication_mode",
            "module.eks_cluster.aws_eks_cluster.pulp_k8s",
            "module.eks_node_group.aws_eks_node_group.pulp_k8s_node_group"
          ]
        }
      ]
    },
    {
      "module": "module.eks_node_group",
      "mode": "managed",
      "type": "aws_eks_addon",
      "name": "kube_proxy",
      "provider": "provider[\"registry.terraform.io/hashicorp/aws\"]",
      "instances": [
        {
          "schema_version": 0,
          "attributes": {
            "addon_name": "kube-proxy",
            "addon_version": "v1.31.2-eksbuild.3",
            "arn": "arn:aws:eks:ap-south-1:205930613551:addon/Pulp-K8s-Terraform/kube-proxy/96ca0c14-1193-5390-fe47-752d30e4563e",
            "cluster_name": "Pulp-K8s-Terraform",
            "configuration_values": "",
            "created_at": "2024-12-30T15:21:11Z",
            "id": "Pulp-K8s-Terraform:kube-proxy",
            "modified_at": "2024-12-30T15:21:19Z",
            "pod_identity_association": [],
            "preserve": null,
            "resolve_conflicts": null,
            "resolve_conflicts_on_create": null,
            "resolve_conflicts_on_update": null,
            "service_account_role_arn": "",
            "tags": null,
            "tags_all": {},
            "timeouts": null
          },
          "sensitive_attributes": [],
          "private": "eyJlMmJmYjczMC1lY2FhLTExZTYtOGY4OC0zNDM2M2JjN2M0YzAiOnsiY3JlYXRlIjoxMjAwMDAwMDAwMDAwLCJkZWxldGUiOjI0MDAwMDAwMDAwMDAsInVwZGF0ZSI6MTIwMDAwMDAwMDAwMH19",
          "dependencies": [
            "module.eks_auth_mode.null_resource.update_authentication_mode",
            "module.eks_cluster.aws_eks_cluster.pulp_k8s",
            "module.eks_node_group.aws_eks_node_group.pulp_k8s_node_group"
          ]
        }
      ]
    },
    {
      "module": "module.eks_node_group",
      "mode": "managed",
      "type": "aws_eks_addon",
      "name": "vpc_cni",
      "provider": "provider[\"registry.terraform.io/hashicorp/aws\"]",
      "instances": [
        {
          "schema_version": 0,
          "attributes": {
            "addon_name": "vpc-cni",
            "addon_version": "v1.19.0-eksbuild.1",
            "arn": "arn:aws:eks:ap-south-1:205930613551:addon/Pulp-K8s-Terraform/vpc-cni/3eca0c14-118d-928c-23ae-f8cab19be798",
            "cluster_name": "Pulp-K8s-Terraform",
            "configuration_values": "",
            "created_at": "2024-12-30T15:21:11Z",
            "id": "Pulp-K8s-Terraform:vpc-cni",
            "modified_at": "2024-12-30T15:21:50Z",
            "pod_identity_association": [],
            "preserve": null,
            "resolve_conflicts": null,
            "resolve_conflicts_on_create": null,
            "resolve_conflicts_on_update": null,
            "service_account_role_arn": "",
            "tags": null,
            "tags_all": {},
            "timeouts": null
          },
          "sensitive_attributes": [],
          "private": "eyJlMmJmYjczMC1lY2FhLTExZTYtOGY4OC0zNDM2M2JjN2M0YzAiOnsiY3JlYXRlIjoxMjAwMDAwMDAwMDAwLCJkZWxldGUiOjI0MDAwMDAwMDAwMDAsInVwZGF0ZSI6MTIwMDAwMDAwMDAwMH19",
          "dependencies": [
            "module.eks_auth_mode.null_resource.update_authentication_mode",
            "module.eks_cluster.aws_eks_cluster.pulp_k8s",
            "module.eks_node_group.aws_eks_node_group.pulp_k8s_node_group"
          ]
        }
      ]
    },
    {
      "module": "module.eks_node_group",
      "mode": "managed",
      "type": "aws_eks_node_group",
      "name": "pulp_k8s_node_group",
      "provider": "provider[\"registry.terraform.io/hashicorp/aws\"]",
      "instances": [
        {
          "schema_version": 0,
          "attributes": {
            "ami_type": "AL2023_x86_64_STANDARD",
            "arn": "arn:aws:eks:ap-south-1:205930613551:nodegroup/Pulp-K8s-Terraform/Pulp-K8s-Node/48ca0c13-3da5-62cd-8294-e4368934706c",
            "capacity_type": "ON_DEMAND",
            "cluster_name": "Pulp-K8s-Terraform",
            "disk_size": 20,
            "force_update_version": null,
            "id": "Pulp-K8s-Terraform:Pulp-K8s-Node",
            "instance_types": [
              "t3.medium"
            ],
            "labels": null,
            "launch_template": [],
            "node_group_name": "Pulp-K8s-Node",
            "node_group_name_prefix": "",
            "node_role_arn": "arn:aws:iam::205930613551:role/Admin",
            "release_version": "1.31.3-20241225",
            "remote_access": [
              {
                "ec2_ssh_key": "Pulp-K8s-mumbai",
                "source_security_group_ids": [
                  "sg-00b574ed3c0c0f494"
                ]
              }
            ],
            "resources": [
              {
                "autoscaling_groups": [
                  {
                    "name": "eks-Pulp-K8s-Node-48ca0c13-3da5-62cd-8294-e4368934706c"
                  }
                ],
                "remote_access_security_group_id": "sg-0ae6d098353ec2efb"
              }
            ],
            "scaling_config": [
              {
                "desired_size": 1,
                "max_size": 1,
                "min_size": 1
              }
            ],
            "status": "ACTIVE",
            "subnet_ids": [
              "subnet-0a071b233f3877bb2",
              "subnet-0b95ce320c97b82e7",
              "subnet-0f6441c26324477cb"
            ],
            "tags": null,
            "tags_all": {},
            "taint": [],
            "timeouts": null,
            "update_config": [
              {
                "max_unavailable": 1,
                "max_unavailable_percentage": 0
              }
            ],
            "version": "1.31"
          },
          "sensitive_attributes": [],
          "private": "eyJlMmJmYjczMC1lY2FhLTExZTYtOGY4OC0zNDM2M2JjN2M0YzAiOnsiY3JlYXRlIjozNjAwMDAwMDAwMDAwLCJkZWxldGUiOjM2MDAwMDAwMDAwMDAsInVwZGF0ZSI6MzYwMDAwMDAwMDAwMH19",
          "dependencies": [
            "module.eks_auth_mode.null_resource.update_authentication_mode",
            "module.eks_cluster.aws_eks_cluster.pulp_k8s"
          ]
        }
      ]
    },
    {
      "module": "module.eks_node_group",
      "mode": "managed",
      "type": "null_resource",
      "name": "modify_instance_metadata",
      "provider": "provider[\"registry.terraform.io/hashicorp/null\"]",
      "instances": [
        {
          "schema_version": 0,
          "attributes": {
            "id": "4460011103086471230",
            "triggers": null
          },
          "sensitive_attributes": [],
          "dependencies": [
            "module.eks_auth_mode.null_resource.update_authentication_mode",
            "module.eks_cluster.aws_eks_cluster.pulp_k8s",
            "module.eks_node_group.aws_eks_node_group.pulp_k8s_node_group",
            "module.eks_node_group.data.aws_instances.pulp_k8s_instances"
          ]
        }
      ]
    }
  ],
  "check_results": null
}
