{
  "version": 4,
  "terraform_version": "1.5.6",
  "serial": 10,
  "lineage": "8825f1ad-570a-8bed-9bff-c356bf49467d",
  "outputs": {},
  "resources": [
    {
      "module": "module.eks_auth_mode",
      "mode": "managed",
      "type": "null_resource",
      "name": "update_authentication_mode",
      "provider": "provider[\"registry.terraform.io/hashicorp/null\"]",
      "instances": [
        {
          "schema_version": 0,
          "attributes": {
            "id": "8523391072838611344",
            "triggers": {
              "always_run": "2025-01-15T12:52:25Z"
            }
          },
          "sensitive_attributes": [],
          "dependencies": [
            "module.eks_cluster.aws_eks_cluster.pulp_k8s"
          ]
        }
      ]
    },
    {
      "module": "module.eks_cluster",
      "mode": "managed",
      "type": "aws_eks_cluster",
      "name": "pulp_k8s",
      "provider": "provider[\"registry.terraform.io/hashicorp/aws\"]",
      "instances": [
        {
          "schema_version": 1,
          "attributes": {
            "access_config": [
              {
                "authentication_mode": "CONFIG_MAP",
                "bootstrap_cluster_creator_admin_permissions": true
              }
            ],
            "arn": "arn:aws:eks:ap-south-1:205930613551:cluster/Pulp-K8s-Terraform",
            "bootstrap_self_managed_addons": true,
            "certificate_authority": [
              {
                "data": "LS0tLS1CRUdJTiBDRVJUSUZJQ0FURS0tLS0tCk1JSURCVENDQWUyZ0F3SUJBZ0lJYzhiU3BFU3hVcWN3RFFZSktvWklodmNOQVFFTEJRQXdGVEVUTUJFR0ExVUUKQXhNS2EzVmlaWEp1WlhSbGN6QWVGdzB5TlRBeE1UVXhNalF6TVRWYUZ3MHpOVEF4TVRNeE1qUTRNVFZhTUJVeApFekFSQmdOVkJBTVRDbXQxWW1WeWJtVjBaWE13Z2dFaU1BMEdDU3FHU0liM0RRRUJBUVVBQTRJQkR3QXdnZ0VLCkFvSUJBUUMwU0MvS0FOeDdvVUlwV2UzUFJsNDZWVExFOGJTL2JVaWQwdGVWV1FTNWIvakhXYWh1QlRGL0NvVFUKdVZSckpCbzJGRkZ2aVgzVHVnbDhtdUhwR0pNUUZLbXRPbHJUSHlzZzhYZnl1ZE1PZnhTY0lVZHU5QlRobjk4WgpoeDREc0ZWMmJRV29FREdCb1FYcXdVUVk4ZG9pMWgycGhUcjVFeXlFeGJxYXJQYktmK2JZejhWejJGY3ZzQ2tRClhGUFA0ajNxelBMNGx1MEt5OXF6MnRoRk1EaENxZVlwZ20xTDhpTlhoTzBSa3dLd3Z6TTdvMUhGTkhnZHlHcVoKS05DSEpJUG5kckdsMk1vSXZNNkpOT1JySFMzUTBJWWk3QTdOYkJ2MnVXZlUwOFJFaVhqbmhRNjJleHZjMXVUSgp0TlBiT0Fyb201dGIrdWxWK3I1QVZzRG9wSTNuQWdNQkFBR2pXVEJYTUE0R0ExVWREd0VCL3dRRUF3SUNwREFQCkJnTlZIUk1CQWY4RUJUQURBUUgvTUIwR0ExVWREZ1FXQkJTSm9QYkFITnUyclkrMmtaanJYL1RHOTVUaENEQVYKQmdOVkhSRUVEakFNZ2dwcmRXSmxjbTVsZEdWek1BMEdDU3FHU0liM0RRRUJDd1VBQTRJQkFRQlpkb1JQckczbwpNc01FVjdqdEczTjNZc0J0d05LUlR4WEJudTgxSGUyc1N3SzNhYWxwSGZPNTBtWUN6NkRaQkdNRklEZ3BKOWNnCkY5Nm0xc2t5b1FlTGRFbXZvYkJ2WWp5SWJML2NwOXlYZ05SYXJRMVdiUlN0Uzd2RVNLV2Y4YXJjUk5Pbzk5ejEKTDZUekFBdEJHVXE2ZXA0dnh1SWFhZlFYb0VIOGIwanYyQnJkZjNuYzBFNVExWGMrbm45YmhIcEU2L0FPeTNaQwp6NzFMc0VYSk5JYjZxNWtMUTVLRWgvUjVDSUNqNlk4c2V3VUxYNXpYTXU0OU1XaWF4YmhuSnZzaXFlRHU1eFNOClFaVzZ5TjJoSWFXWjd6dDRCUitJWXFxaVNmNzBGMGwyN3lUd1pxaGl4eURwMXhwYlhNRTBoTm1YWUlTZDdFNjAKM2J5ejRvbHRvVS9HCi0tLS0tRU5EIENFUlRJRklDQVRFLS0tLS0K"
              }
            ],
            "cluster_id": null,
            "compute_config": [],
            "created_at": "2025-01-15T12:43:41Z",
            "enabled_cluster_log_types": null,
            "encryption_config": [],
            "endpoint": "https://AC86208820B85EAF70B719A7A26F3B13.sk1.ap-south-1.eks.amazonaws.com",
            "id": "Pulp-K8s-Terraform",
            "identity": [
              {
                "oidc": [
                  {
                    "issuer": "https://oidc.eks.ap-south-1.amazonaws.com/id/AC86208820B85EAF70B719A7A26F3B13"
                  }
                ]
              }
            ],
            "kubernetes_network_config": [
              {
                "elastic_load_balancing": [
                  {
                    "enabled": false
                  }
                ],
                "ip_family": "ipv4",
                "service_ipv4_cidr": "10.100.0.0/16",
                "service_ipv6_cidr": ""
              }
            ],
            "name": "Pulp-K8s-Terraform",
            "outpost_config": [],
            "platform_version": "eks.16",
            "remote_network_config": [],
            "role_arn": "arn:aws:iam::205930613551:role/k8s-cluster",
            "status": "ACTIVE",
            "storage_config": [],
            "tags": null,
            "tags_all": {},
            "timeouts": null,
            "upgrade_policy": [
              {
                "support_type": "STANDARD"
              }
            ],
            "version": "1.31",
            "vpc_config": [
              {
                "cluster_security_group_id": "sg-0520bb2a90e727e4d",
                "endpoint_private_access": true,
                "endpoint_public_access": true,
                "public_access_cidrs": [
                  "0.0.0.0/0"
                ],
                "security_group_ids": [
                  "sg-00b574ed3c0c0f494"
                ],
                "subnet_ids": [
                  "subnet-0a071b233f3877bb2",
                  "subnet-0b95ce320c97b82e7",
                  "subnet-0f6441c26324477cb"
                ],
                "vpc_id": "vpc-00efaf1737d36a26a"
              }
            ],
            "zonal_shift_config": []
          },
          "sensitive_attributes": [],
          "private": "eyJlMmJmYjczMC1lY2FhLTExZTYtOGY4OC0zNDM2M2JjN2M0YzAiOnsiY3JlYXRlIjoxODAwMDAwMDAwMDAwLCJkZWxldGUiOjkwMDAwMDAwMDAwMCwidXBkYXRlIjozNjAwMDAwMDAwMDAwfSwic2NoZW1hX3ZlcnNpb24iOiIxIn0="
        }
      ]
    },
    {
      "module": "module.eks_node_group",
      "mode": "data",
      "type": "aws_instances",
      "name": "pulp_k8s_instances",
      "provider": "provider[\"registry.terraform.io/hashicorp/aws\"]",
      "instances": [
        {
          "schema_version": 0,
          "attributes": {
            "filter": [
              {
                "name": "instance-state-name",
                "values": [
                  "running"
                ]
              },
              {
                "name": "tag:eks:nodegroup-name",
                "values": [
                  "Pulp-K8s-Node"
                ]
              }
            ],
            "id": "ap-south-1",
            "ids": [
              "i-0ce8abc013f9b7ab6"
            ],
            "instance_state_names": null,
            "instance_tags": null,
            "ipv6_addresses": [],
            "private_ips": [
              "172.31.46.57"
            ],
            "public_ips": [
              "13.201.136.0"
            ],
            "timeouts": null
          },
          "sensitive_attributes": []
        }
      ]
    },
    {
      "module": "module.eks_node_group",
      "mode": "managed",
      "type": "aws_eks_addon",
      "name": "coredns",
      "provider": "provider[\"registry.terraform.io/hashicorp/aws\"]",
      "instances": [
        {
          "schema_version": 0,
          "attributes": {
            "addon_name": "coredns",
            "addon_version": "v1.11.3-eksbuild.1",
            "arn": "arn:aws:eks:ap-south-1:205930613551:addon/Pulp-K8s-Terraform/coredns/d4ca3504-9d03-2cd5-f3cb-1363566046ce",
            "cluster_name": "Pulp-K8s-Terraform",
            "configuration_values": "",
            "created_at": "2025-01-15T12:56:17Z",
            "id": "Pulp-K8s-Terraform:coredns",
            "modified_at": "2025-01-15T12:56:31Z",
            "pod_identity_association": [],
            "preserve": null,
            "resolve_conflicts": null,
            "resolve_conflicts_on_create": null,
            "resolve_conflicts_on_update": null,
            "service_account_role_arn": "",
            "tags": null,
            "tags_all": {},
            "timeouts": null
          },
          "sensitive_attributes": [],
          "private": "eyJlMmJmYjczMC1lY2FhLTExZTYtOGY4OC0zNDM2M2JjN2M0YzAiOnsiY3JlYXRlIjoxMjAwMDAwMDAwMDAwLCJkZWxldGUiOjI0MDAwMDAwMDAwMDAsInVwZGF0ZSI6MTIwMDAwMDAwMDAwMH19",
          "dependencies": [
            "module.eks_auth_mode.null_resource.update_authentication_mode",
            "module.eks_cluster.aws_eks_cluster.pulp_k8s",
            "module.eks_node_group.aws_eks_node_group.pulp_k8s_node_group"
          ]
        }
      ]
    },
    {
      "module": "module.eks_node_group",
      "mode": "managed",
      "type": "aws_eks_addon",
      "name": "ebs_csi_driver",
      "provider": "provider[\"registry.terraform.io/hashicorp/aws\"]",
      "instances": [
        {
          "schema_version": 0,
          "attributes": {
            "addon_name": "aws-ebs-csi-driver",
            "addon_version": "v1.38.1-eksbuild.1",
            "arn": "arn:aws:eks:ap-south-1:205930613551:addon/Pulp-K8s-Terraform/aws-ebs-csi-driver/8cca3504-9d08-355c-7c10-e7eceb2f68f8",
            "cluster_name": "Pulp-K8s-Terraform",
            "configuration_values": "",
            "created_at": "2025-01-15T12:56:17Z",
            "id": "Pulp-K8s-Terraform:aws-ebs-csi-driver",
            "modified_at": "2025-01-15T12:57:08Z",
            "pod_identity_association": [],
            "preserve": null,
            "resolve_conflicts": null,
            "resolve_conflicts_on_create": null,
            "resolve_conflicts_on_update": null,
            "service_account_role_arn": "",
            "tags": null,
            "tags_all": {},
            "timeouts": null
          },
          "sensitive_attributes": [],
          "private": "eyJlMmJmYjczMC1lY2FhLTExZTYtOGY4OC0zNDM2M2JjN2M0YzAiOnsiY3JlYXRlIjoxMjAwMDAwMDAwMDAwLCJkZWxldGUiOjI0MDAwMDAwMDAwMDAsInVwZGF0ZSI6MTIwMDAwMDAwMDAwMH19",
          "dependencies": [
            "module.eks_auth_mode.null_resource.update_authentication_mode",
            "module.eks_cluster.aws_eks_cluster.pulp_k8s",
            "module.eks_node_group.aws_eks_node_group.pulp_k8s_node_group"
          ]
        }
      ]
    },
    {
      "module": "module.eks_node_group",
      "mode": "managed",
      "type": "aws_eks_addon",
      "name": "kube_proxy",
      "provider": "provider[\"registry.terraform.io/hashicorp/aws\"]",
      "instances": [
        {
          "schema_version": 0,
          "attributes": {
            "addon_name": "kube-proxy",
            "addon_version": "v1.31.2-eksbuild.3",
            "arn": "arn:aws:eks:ap-south-1:205930613551:addon/Pulp-K8s-Terraform/kube-proxy/24ca3504-9cfe-4f65-b52a-7d77832187b4",
            "cluster_name": "Pulp-K8s-Terraform",
            "configuration_values": "",
            "created_at": "2025-01-15T12:56:17Z",
            "id": "Pulp-K8s-Terraform:kube-proxy",
            "modified_at": "2025-01-15T12:56:24Z",
            "pod_identity_association": [],
            "preserve": null,
            "resolve_conflicts": null,
            "resolve_conflicts_on_create": null,
            "resolve_conflicts_on_update": null,
            "service_account_role_arn": "",
            "tags": null,
            "tags_all": {},
            "timeouts": null
          },
          "sensitive_attributes": [],
          "private": "eyJlMmJmYjczMC1lY2FhLTExZTYtOGY4OC0zNDM2M2JjN2M0YzAiOnsiY3JlYXRlIjoxMjAwMDAwMDAwMDAwLCJkZWxldGUiOjI0MDAwMDAwMDAwMDAsInVwZGF0ZSI6MTIwMDAwMDAwMDAwMH19",
          "dependencies": [
            "module.eks_auth_mode.null_resource.update_authentication_mode",
            "module.eks_cluster.aws_eks_cluster.pulp_k8s",
            "module.eks_node_group.aws_eks_node_group.pulp_k8s_node_group"
          ]
        }
      ]
    },
    {
      "module": "module.eks_node_group",
      "mode": "managed",
      "type": "aws_eks_addon",
      "name": "vpc_cni",
      "provider": "provider[\"registry.terraform.io/hashicorp/aws\"]",
      "instances": [
        {
          "schema_version": 0,
          "attributes": {
            "addon_name": "vpc-cni",
            "addon_version": "v1.19.0-eksbuild.1",
            "arn": "arn:aws:eks:ap-south-1:205930613551:addon/Pulp-K8s-Terraform/vpc-cni/12ca3504-9d06-628d-049d-a60753282fb9",
            "cluster_name": "Pulp-K8s-Terraform",
            "configuration_values": "",
            "created_at": "2025-01-15T12:56:17Z",
            "id": "Pulp-K8s-Terraform:vpc-cni",
            "modified_at": "2025-01-15T12:56:56Z",
            "pod_identity_association": [],
            "preserve": null,
            "resolve_conflicts": null,
            "resolve_conflicts_on_create": null,
            "resolve_conflicts_on_update": null,
            "service_account_role_arn": "",
            "tags": null,
            "tags_all": {},
            "timeouts": null
          },
          "sensitive_attributes": [],
          "private": "eyJlMmJmYjczMC1lY2FhLTExZTYtOGY4OC0zNDM2M2JjN2M0YzAiOnsiY3JlYXRlIjoxMjAwMDAwMDAwMDAwLCJkZWxldGUiOjI0MDAwMDAwMDAwMDAsInVwZGF0ZSI6MTIwMDAwMDAwMDAwMH19",
          "dependencies": [
            "module.eks_auth_mode.null_resource.update_authentication_mode",
            "module.eks_cluster.aws_eks_cluster.pulp_k8s",
            "module.eks_node_group.aws_eks_node_group.pulp_k8s_node_group"
          ]
        }
      ]
    },
    {
      "module": "module.eks_node_group",
      "mode": "managed",
      "type": "aws_eks_node_group",
      "name": "pulp_k8s_node_group",
      "provider": "provider[\"registry.terraform.io/hashicorp/aws\"]",
      "instances": [
        {
          "schema_version": 0,
          "attributes": {
            "ami_type": "AL2023_x86_64_STANDARD",
            "arn": "arn:aws:eks:ap-south-1:205930613551:nodegroup/Pulp-K8s-Terraform/Pulp-K8s-Node/22ca3503-c827-2384-de67-9304e747d8c0",
            "capacity_type": "ON_DEMAND",
            "cluster_name": "Pulp-K8s-Terraform",
            "disk_size": 20,
            "force_update_version": null,
            "id": "Pulp-K8s-Terraform:Pulp-K8s-Node",
            "instance_types": [
              "t3.medium"
            ],
            "labels": null,
            "launch_template": [],
            "node_group_name": "Pulp-K8s-Node",
            "node_group_name_prefix": "",
            "node_repair_config": [],
            "node_role_arn": "arn:aws:iam::205930613551:role/Admin",
            "release_version": "1.31.3-20250103",
            "remote_access": [
              {
                "ec2_ssh_key": "Pulp-K8s-mumbai",
                "source_security_group_ids": [
                  "sg-00b574ed3c0c0f494"
                ]
              }
            ],
            "resources": [
              {
                "autoscaling_groups": [
                  {
                    "name": "eks-Pulp-K8s-Node-22ca3503-c827-2384-de67-9304e747d8c0"
                  }
                ],
                "remote_access_security_group_id": "sg-0564b5942b2f03cc7"
              }
            ],
            "scaling_config": [
              {
                "desired_size": 1,
                "max_size": 1,
                "min_size": 1
              }
            ],
            "status": "ACTIVE",
            "subnet_ids": [
              "subnet-0a071b233f3877bb2",
              "subnet-0b95ce320c97b82e7",
              "subnet-0f6441c26324477cb"
            ],
            "tags": null,
            "tags_all": {},
            "taint": [],
            "timeouts": null,
            "update_config": [
              {
                "max_unavailable": 1,
                "max_unavailable_percentage": 0
              }
            ],
            "version": "1.31"
          },
          "sensitive_attributes": [],
          "private": "eyJlMmJmYjczMC1lY2FhLTExZTYtOGY4OC0zNDM2M2JjN2M0YzAiOnsiY3JlYXRlIjozNjAwMDAwMDAwMDAwLCJkZWxldGUiOjM2MDAwMDAwMDAwMDAsInVwZGF0ZSI6MzYwMDAwMDAwMDAwMH19",
          "dependencies": [
            "module.eks_auth_mode.null_resource.update_authentication_mode",
            "module.eks_cluster.aws_eks_cluster.pulp_k8s"
          ]
        }
      ]
    },
    {
      "module": "module.eks_node_group",
      "mode": "managed",
      "type": "null_resource",
      "name": "modify_instance_metadata",
      "provider": "provider[\"registry.terraform.io/hashicorp/null\"]",
      "instances": [
        {
          "schema_version": 0,
          "attributes": {
            "id": "5910968846060162937",
            "triggers": null
          },
          "sensitive_attributes": [],
          "dependencies": [
            "module.eks_auth_mode.null_resource.update_authentication_mode",
            "module.eks_cluster.aws_eks_cluster.pulp_k8s",
            "module.eks_node_group.aws_eks_node_group.pulp_k8s_node_group",
            "module.eks_node_group.data.aws_instances.pulp_k8s_instances"
          ]
        }
      ]
    }
  ],
  "check_results": null
}
